
Microsoft Visual Studio Solution File, Format Version 12.00
# Visual Studio 15
VisualStudioVersion = 15.0.26124.0
MinimumVisualStudioVersion = 15.0.26124.0
Project("{2150E333-8FDC-42A3-9474-1A3956D46DE8}") = "src", "src", "{C12C1289-6B1C-44FA-A500-F70B9530EA27}"
EndProject
Project("{F2A71F9B-5D33-465A-A702-920D77279786}") = "RenderDSLServer", "src\RenderDSLServer\RenderDSLServer.fsproj", "{56790B4C-96F9-4A15-99B3-D643EACEEB7B}"
EndProject
Project("{F2A71F9B-5D33-465A-A702-920D77279786}") = "LSP", "src\LSP\LSP.fsproj", "{0D048A71-6AA3-4F50-8E27-FB6E34B4537B}"
EndProject
Project("{2150E333-8FDC-42A3-9474-1A3956D46DE8}") = "tests", "tests", "{6A478F23-67F9-4F5B-9159-589A05EBBFB5}"
EndProject
Project("{F2A71F9B-5D33-465A-A702-920D77279786}") = "RenderDSLServer.Tests", "tests\RenderDSLServer.Tests\RenderDSLServer.Tests.fsproj", "{7C5994F9-641C-4A79-ADB6-6A0412EB885B}"
EndProject
Project("{F2A71F9B-5D33-465A-A702-920D77279786}") = "LSP.Tests", "tests\LSP.Tests\LSP.Tests.fsproj", "{1D0BB852-97FA-4933-8595-A2B579B3768F}"
EndProject
Project("{F2A71F9B-5D33-465A-A702-920D77279786}") = "LibLangFsharp", "..\..\LibLangFsharp\src\LibLangFsharp.fsproj", "{576DDFA7-54FC-4543-8B06-71FDB1B434B0}"
EndProject
Project("{F2A71F9B-5D33-465A-A702-920D77279786}") = "LibRenderDSL", "..\LibRenderDSL\src\LibRenderDSL.fsproj", "{18FAA306-3C55-4DBC-B55D-9909C384FAD4}"
EndProject
Global
	GlobalSection(SolutionConfigurationPlatforms) = preSolution
		Debug|Any CPU = Debug|Any CPU
		Debug|x64 = Debug|x64
		Debug|x86 = Debug|x86
		Release|Any CPU = Release|Any CPU
		Release|x64 = Release|x64
		Release|x86 = Release|x86
	EndGlobalSection
	GlobalSection(SolutionProperties) = preSolution
		HideSolutionNode = FALSE
	EndGlobalSection
	GlobalSection(ProjectConfigurationPlatforms) = postSolution
		{56790B4C-96F9-4A15-99B3-D643EACEEB7B}.Debug|Any CPU.ActiveCfg = Debug|Any CPU
		{56790B4C-96F9-4A15-99B3-D643EACEEB7B}.Debug|Any CPU.Build.0 = Debug|Any CPU
		{56790B4C-96F9-4A15-99B3-D643EACEEB7B}.Debug|x64.ActiveCfg = Debug|x64
		{56790B4C-96F9-4A15-99B3-D643EACEEB7B}.Debug|x64.Build.0 = Debug|x64
		{56790B4C-96F9-4A15-99B3-D643EACEEB7B}.Debug|x86.ActiveCfg = Debug|x86
		{56790B4C-96F9-4A15-99B3-D643EACEEB7B}.Debug|x86.Build.0 = Debug|x86
		{56790B4C-96F9-4A15-99B3-D643EACEEB7B}.Release|Any CPU.ActiveCfg = Release|Any CPU
		{56790B4C-96F9-4A15-99B3-D643EACEEB7B}.Release|Any CPU.Build.0 = Release|Any CPU
		{56790B4C-96F9-4A15-99B3-D643EACEEB7B}.Release|x64.ActiveCfg = Release|x64
		{56790B4C-96F9-4A15-99B3-D643EACEEB7B}.Release|x64.Build.0 = Release|x64
		{56790B4C-96F9-4A15-99B3-D643EACEEB7B}.Release|x86.ActiveCfg = Release|x86
		{56790B4C-96F9-4A15-99B3-D643EACEEB7B}.Release|x86.Build.0 = Release|x86
		{0D048A71-6AA3-4F50-8E27-FB6E34B4537B}.Debug|Any CPU.ActiveCfg = Debug|Any CPU
		{0D048A71-6AA3-4F50-8E27-FB6E34B4537B}.Debug|Any CPU.Build.0 = Debug|Any CPU
		{0D048A71-6AA3-4F50-8E27-FB6E34B4537B}.Debug|x64.ActiveCfg = Debug|x64
		{0D048A71-6AA3-4F50-8E27-FB6E34B4537B}.Debug|x64.Build.0 = Debug|x64
		{0D048A71-6AA3-4F50-8E27-FB6E34B4537B}.Debug|x86.ActiveCfg = Debug|x86
		{0D048A71-6AA3-4F50-8E27-FB6E34B4537B}.Debug|x86.Build.0 = Debug|x86
		{0D048A71-6AA3-4F50-8E27-FB6E34B4537B}.Release|Any CPU.ActiveCfg = Release|Any CPU
		{0D048A71-6AA3-4F50-8E27-FB6E34B4537B}.Release|Any CPU.Build.0 = Release|Any CPU
		{0D048A71-6AA3-4F50-8E27-FB6E34B4537B}.Release|x64.ActiveCfg = Release|x64
		{0D048A71-6AA3-4F50-8E27-FB6E34B4537B}.Release|x64.Build.0 = Release|x64
		{0D048A71-6AA3-4F50-8E27-FB6E34B4537B}.Release|x86.ActiveCfg = Release|x86
		{0D048A71-6AA3-4F50-8E27-FB6E34B4537B}.Release|x86.Build.0 = Release|x86
		{7C5994F9-641C-4A79-ADB6-6A0412EB885B}.Debug|Any CPU.ActiveCfg = Debug|Any CPU
		{7C5994F9-641C-4A79-ADB6-6A0412EB885B}.Debug|Any CPU.Build.0 = Debug|Any CPU
		{7C5994F9-641C-4A79-ADB6-6A0412EB885B}.Debug|x64.ActiveCfg = Debug|x64
		{7C5994F9-641C-4A79-ADB6-6A0412EB885B}.Debug|x64.Build.0 = Debug|x64
		{7C5994F9-641C-4A79-ADB6-6A0412EB885B}.Debug|x86.ActiveCfg = Debug|x86
		{7C5994F9-641C-4A79-ADB6-6A0412EB885B}.Debug|x86.Build.0 = Debug|x86
		{7C5994F9-641C-4A79-ADB6-6A0412EB885B}.Release|Any CPU.ActiveCfg = Release|Any CPU
		{7C5994F9-641C-4A79-ADB6-6A0412EB885B}.Release|Any CPU.Build.0 = Release|Any CPU
		{7C5994F9-641C-4A79-ADB6-6A0412EB885B}.Release|x64.ActiveCfg = Release|x64
		{7C5994F9-641C-4A79-ADB6-6A0412EB885B}.Release|x64.Build.0 = Release|x64
		{7C5994F9-641C-4A79-ADB6-6A0412EB885B}.Release|x86.ActiveCfg = Release|x86
		{7C5994F9-641C-4A79-ADB6-6A0412EB885B}.Release|x86.Build.0 = Release|x86
		{1D0BB852-97FA-4933-8595-A2B579B3768F}.Debug|Any CPU.ActiveCfg = Debug|Any CPU
		{1D0BB852-97FA-4933-8595-A2B579B3768F}.Debug|Any CPU.Build.0 = Debug|Any CPU
		{1D0BB852-97FA-4933-8595-A2B579B3768F}.Debug|x64.ActiveCfg = Debug|x64
		{1D0BB852-97FA-4933-8595-A2B579B3768F}.Debug|x64.Build.0 = Debug|x64
		{1D0BB852-97FA-4933-8595-A2B579B3768F}.Debug|x86.ActiveCfg = Debug|x86
		{1D0BB852-97FA-4933-8595-A2B579B3768F}.Debug|x86.Build.0 = Debug|x86
		{1D0BB852-97FA-4933-8595-A2B579B3768F}.Release|Any CPU.ActiveCfg = Release|Any CPU
		{1D0BB852-97FA-4933-8595-A2B579B3768F}.Release|Any CPU.Build.0 = Release|Any CPU
		{1D0BB852-97FA-4933-8595-A2B579B3768F}.Release|x64.ActiveCfg = Release|x64
		{1D0BB852-97FA-4933-8595-A2B579B3768F}.Release|x64.Build.0 = Release|x64
		{1D0BB852-97FA-4933-8595-A2B579B3768F}.Release|x86.ActiveCfg = Release|x86
		{1D0BB852-97FA-4933-8595-A2B579B3768F}.Release|x86.Build.0 = Release|x86
		{576DDFA7-54FC-4543-8B06-71FDB1B434B0}.Debug|Any CPU.ActiveCfg = Debug|Any CPU
		{576DDFA7-54FC-4543-8B06-71FDB1B434B0}.Debug|Any CPU.Build.0 = Debug|Any CPU
		{576DDFA7-54FC-4543-8B06-71FDB1B434B0}.Debug|x64.ActiveCfg = Debug|Any CPU
		{576DDFA7-54FC-4543-8B06-71FDB1B434B0}.Debug|x64.Build.0 = Debug|Any CPU
		{576DDFA7-54FC-4543-8B06-71FDB1B434B0}.Debug|x86.ActiveCfg = Debug|Any CPU
		{576DDFA7-54FC-4543-8B06-71FDB1B434B0}.Debug|x86.Build.0 = Debug|Any CPU
		{576DDFA7-54FC-4543-8B06-71FDB1B434B0}.Release|Any CPU.ActiveCfg = Release|Any CPU
		{576DDFA7-54FC-4543-8B06-71FDB1B434B0}.Release|Any CPU.Build.0 = Release|Any CPU
		{576DDFA7-54FC-4543-8B06-71FDB1B434B0}.Release|x64.ActiveCfg = Release|Any CPU
		{576DDFA7-54FC-4543-8B06-71FDB1B434B0}.Release|x64.Build.0 = Release|Any CPU
		{576DDFA7-54FC-4543-8B06-71FDB1B434B0}.Release|x86.ActiveCfg = Release|Any CPU
		{576DDFA7-54FC-4543-8B06-71FDB1B434B0}.Release|x86.Build.0 = Release|Any CPU
		{18FAA306-3C55-4DBC-B55D-9909C384FAD4}.Debug|Any CPU.ActiveCfg = Debug|Any CPU
		{18FAA306-3C55-4DBC-B55D-9909C384FAD4}.Debug|Any CPU.Build.0 = Debug|Any CPU
		{18FAA306-3C55-4DBC-B55D-9909C384FAD4}.Debug|x64.ActiveCfg = Debug|Any CPU
		{18FAA306-3C55-4DBC-B55D-9909C384FAD4}.Debug|x64.Build.0 = Debug|Any CPU
		{18FAA306-3C55-4DBC-B55D-9909C384FAD4}.Debug|x86.ActiveCfg = Debug|Any CPU
		{18FAA306-3C55-4DBC-B55D-9909C384FAD4}.Debug|x86.Build.0 = Debug|Any CPU
		{18FAA306-3C55-4DBC-B55D-9909C384FAD4}.Release|Any CPU.ActiveCfg = Release|Any CPU
		{18FAA306-3C55-4DBC-B55D-9909C384FAD4}.Release|Any CPU.Build.0 = Release|Any CPU
		{18FAA306-3C55-4DBC-B55D-9909C384FAD4}.Release|x64.ActiveCfg = Release|Any CPU
		{18FAA306-3C55-4DBC-B55D-9909C384FAD4}.Release|x64.Build.0 = Release|Any CPU
		{18FAA306-3C55-4DBC-B55D-9909C384FAD4}.Release|x86.ActiveCfg = Release|Any CPU
		{18FAA306-3C55-4DBC-B55D-9909C384FAD4}.Release|x86.Build.0 = Release|Any CPU
	EndGlobalSection
	GlobalSection(NestedProjects) = preSolution
		{56790B4C-96F9-4A15-99B3-D643EACEEB7B} = {C12C1289-6B1C-44FA-A500-F70B9530EA27}
		{0D048A71-6AA3-4F50-8E27-FB6E34B4537B} = {C12C1289-6B1C-44FA-A500-F70B9530EA27}
		{7C5994F9-641C-4A79-ADB6-6A0412EB885B} = {6A478F23-67F9-4F5B-9159-589A05EBBFB5}
		{1D0BB852-97FA-4933-8595-A2B579B3768F} = {6A478F23-67F9-4F5B-9159-589A05EBBFB5}
	EndGlobalSection
EndGlobal
