{
  "name": "LibUiSubjectAdmin",
  "lockfileVersion": 2,
  "requires": true,
  "packages": {
    "": {
      "dependencies": {
        "react-templates-fable": "file:../Meta/AppRenderDslCompiler"
      }
    },
    "../Meta/AppRenderDslCompiler": {
      "name": "react-templates-fable",
      "version": "1.0.0",
      "license": "ISC"
    },
    "node_modules/react-templates-fable": {
      "resolved": "../Meta/AppRenderDslCompiler",
      "link": true
    }
  },
  "dependencies": {
    "react-templates-fable": {
      "version": "file:../Meta/AppRenderDslCompiler"
    }
  }
}
