{
  "name": "eggshell-lib-eggshell",
  "version": "1.0.0",
  "lockfileVersion": 3,
  "requires": true,
  "packages": {
    "": {
      "name": "eggshell-lib-eggshell",
      "version": "1.0.0",
      "license": "ISC",
      "dependencies": {
        "@types/node": "^18.19.4",
        "eggshell-lib-lang-typescript": "file:../../LibLangTypeScript",
        "typescript": "^4.8.4"
      }
    },
    "../../LibLangTypeScript": {
      "name": "eggshell-lib-lang-typescript",
      "version": "1.0.0",
      "license": "ISC",
      "dependencies": {
        "@types/lodash": "^4.14.133",
        "lodash": "^4.17.11",
        "typescript": "^4.8.4"
      }
    },
    "../../LibLangTypeScript/node_modules/@types/lodash": {
      "version": "4.14.186"
    },
    "../../LibLangTypeScript/node_modules/lodash": {
      "version": "4.17.21"
    },
    "../../LibLangTypeScript/node_modules/typescript": {
      "version": "4.9.5"
    },
    "node_modules/@types/node": {
      "version": "18.19.4",
      "resolved": "https://registry.npmjs.org/@types/node/-/node-18.19.4.tgz",
      "integrity": "sha512-xNzlUhzoHotIsnFoXmJB+yWmBvFZgKCI9TtPIEdYIMM1KWfwuY8zh7wvc1u1OAXlC7dlf6mZVx/s+Y5KfFz19A==",
      "dependencies": {
        "undici-types": "~5.26.4"
      }
    },
    "node_modules/eggshell-lib-lang-typescript": {
      "resolved": "../../LibLangTypeScript",
      "link": true
    },
    "node_modules/typescript": {
      "version": "4.9.5",
      "resolved": "https://registry.npmjs.org/typescript/-/typescript-4.9.5.tgz",
      "integrity": "sha512-1FXk9E2Hm+QzZQ7z+McJiHL4NW1F2EzMu9Nq9i3zAaGqibafqYwCVU6WyWAuyQRRzOlxou8xZSyXLEN8oKj24g==",
      "bin": {
        "tsc": "bin/tsc",
        "tsserver": "bin/tsserver"
      },
      "engines": {
        "node": ">=4.2.0"
      }
    },
    "node_modules/undici-types": {
      "version": "5.26.5",
      "resolved": "https://registry.npmjs.org/undici-types/-/undici-types-5.26.5.tgz",
      "integrity": "sha512-JlCMO+ehdEIKqlFxk6IfVoAUVmgz7cU7zD/h9XZ0qzeosSHmUJVOzSQvvYSYWXkFXC+IfLKSIffhv0sVZup6pA=="
    }
  }
}
